
Microsoft Visual Studio Solution File, Format Version 12.00
# Visual Studio Version 17
VisualStudioVersion = 17.1.32228.430
MinimumVisualStudioVersion = 10.0.40219.1
Project("{9A19103F-16F7-4668-BE54-9A1E7A4F7556}") = "DesignPatternsApp", "DesignPatternsApp\DesignPatternsApp.csproj", "{7A87F964-061F-490F-BAAA-0EE9C6044951}"
EndProject
Project("{2150E333-8FDC-42A3-9474-1A3956D46DE8}") = "01 - Console", "01 - Console", "{BB5A85B1-DE91-436E-A9A3-B43AE0CA714A}"
EndProject
Global
	GlobalSection(SolutionConfigurationPlatforms) = preSolution
		Debug|Any CPU = Debug|Any CPU
		Release|Any CPU = Release|Any CPU
	EndGlobalSection
	GlobalSection(ProjectConfigurationPlatforms) = postSolution
		{7A87F964-061F-490F-BAAA-0EE9C6044951}.Debug|Any CPU.ActiveCfg = Debug|Any CPU
		{7A87F964-061F-490F-BAAA-0EE9C6044951}.Debug|Any CPU.Build.0 = Debug|Any CPU
		{7A87F964-061F-490F-BAAA-0EE9C6044951}.Release|Any CPU.ActiveCfg = Release|Any CPU
		{7A87F964-061F-490F-BAAA-0EE9C6044951}.Release|Any CPU.Build.0 = Release|Any CPU
	EndGlobalSection
	GlobalSection(SolutionProperties) = preSolution
		HideSolutionNode = FALSE
	EndGlobalSection
	GlobalSection(NestedProjects) = preSolution
		{7A87F964-061F-490F-BAAA-0EE9C6044951} = {BB5A85B1-DE91-436E-A9A3-B43AE0CA714A}
	EndGlobalSection
	GlobalSection(ExtensibilityGlobals) = postSolution
		SolutionGuid = {8C529F49-5B08-4B24-AB8D-CB45C934F921}
	EndGlobalSection
EndGlobal
